{
  "requires": true,
  "lockfileVersion": 1,
  "dependencies": {
    "cytoscape-popper": {
      "version": "1.0.6",
      "resolved": "https://registry.npmjs.org/cytoscape-popper/-/cytoscape-popper-1.0.6.tgz",
      "integrity": "sha512-S8T+NcvtsWiziv14YxYeNcHHeQUyRKg9ElqJJwOpNmj0GwfwSAxSg5uvuz1hiFGX7nNgsBLMmao+EGhcrDt0QQ==",
      "requires": {
        "popper.js": "^1.0.0"
      }
    },
    "popper.js": {
      "version": "1.16.0",
      "resolved": "https://registry.npmjs.org/popper.js/-/popper.js-1.16.0.tgz",
      "integrity": "sha512-+G+EkOPoE5S/zChTpmBSSDYmhXJ5PsW8eMhH8cP/CQHMFPBG/kC9Y5IIw6qNYgdJ+/COf0ddY2li28iHaZRSjw=="
    }
  }
}
